
Microsoft Visual Studio Solution File, Format Version 12.00
# Visual Studio Version 17
VisualStudioVersion = 17.13.35931.197 d17.13
MinimumVisualStudioVersion = 10.0.40219.1
Project("{FAE04EC0-301F-11D3-BF4B-00C04F79EFBC}") = "SaveNServe", "SaveNServe\SaveNServe.csproj", "{4A7AFA5E-17FE-4CA3-8021-B12C03DBB237}"
EndProject
Global
	GlobalSection(SolutionConfigurationPlatforms) = preSolution
		Debug|Any CPU = Debug|Any CPU
		Release|Any CPU = Release|Any CPU
	EndGlobalSection
	GlobalSection(ProjectConfigurationPlatforms) = postSolution
		{4A7AFA5E-17FE-4CA3-8021-B12C03DBB237}.Debug|Any CPU.ActiveCfg = Debug|Any CPU
		{4A7AFA5E-17FE-4CA3-8021-B12C03DBB237}.Debug|Any CPU.Build.0 = Debug|Any CPU
		{4A7AFA5E-17FE-4CA3-8021-B12C03DBB237}.Release|Any CPU.ActiveCfg = Release|Any CPU
		{4A7AFA5E-17FE-4CA3-8021-B12C03DBB237}.Release|Any CPU.Build.0 = Release|Any CPU
	EndGlobalSection
	GlobalSection(SolutionProperties) = preSolution
		HideSolutionNode = FALSE
	EndGlobalSection
	GlobalSection(ExtensibilityGlobals) = postSolution
		SolutionGuid = {2D58CAFB-BB9C-4B1F-8424-0AE4F55B1915}
	EndGlobalSection
EndGlobal
