
Microsoft Visual Studio Solution File, Format Version 12.00
# Visual Studio Version 17
VisualStudioVersion = 17.13.35806.99 d17.13
MinimumVisualStudioVersion = 10.0.40219.1
Project("{FAE04EC0-301F-11D3-BF4B-00C04F79EFBC}") = "SaveNServe(1)", "SaveNServe(1)\SaveNServe(1).csproj", "{4B05F000-A22F-45E6-BD5E-3851150E56B5}"
EndProject
Global
	GlobalSection(SolutionConfigurationPlatforms) = preSolution
		Debug|Any CPU = Debug|Any CPU
		Release|Any CPU = Release|Any CPU
	EndGlobalSection
	GlobalSection(ProjectConfigurationPlatforms) = postSolution
		{4B05F000-A22F-45E6-BD5E-3851150E56B5}.Debug|Any CPU.ActiveCfg = Debug|Any CPU
		{4B05F000-A22F-45E6-BD5E-3851150E56B5}.Debug|Any CPU.Build.0 = Debug|Any CPU
		{4B05F000-A22F-45E6-BD5E-3851150E56B5}.Release|Any CPU.ActiveCfg = Release|Any CPU
		{4B05F000-A22F-45E6-BD5E-3851150E56B5}.Release|Any CPU.Build.0 = Release|Any CPU
	EndGlobalSection
	GlobalSection(SolutionProperties) = preSolution
		HideSolutionNode = FALSE
	EndGlobalSection
	GlobalSection(ExtensibilityGlobals) = postSolution
		SolutionGuid = {26787B9A-893F-4254-A2D7-694CBA16FB0D}
	EndGlobalSection
EndGlobal
